{
  "version": 1,
  "dependencies": {
    "net9.0": {
      "Polly.Core": {
        "type": "Direct",
        "requested": "[8.4.1, )",
        "resolved": "8.4.1",
        "contentHash": "bg4kE7mFwXc6FJ8NLknTgVgLAMlbToWC7vpdqAITv8lPzKpp9v7aWJPc04GRoZQaJhVY/tdr8K2/VW2aTmaA1Q=="
      },
      "Refit": {
        "type": "Direct",
        "requested": "[7.1.2, )",
        "resolved": "7.1.2",
        "contentHash": "ZB1ZgciDq/lNz3OAPfYah4rCVYeI4LMxEksYUff8p4Bth9uf/8WQCXuzMckRJjh3NLysuwdCNkgxnezCm1SqTw==",
        "dependencies": {
          "System.Net.Http.Json": "8.0.0"
        }
      },
      "System.Text.Json": {
        "type": "Direct",
        "requested": "[8.0.5, )",
        "resolved": "8.0.5",
        "contentHash": "0f1B50Ss7rqxXiaBJyzUu9bWFOO2/zSlifZ/UNMdiIpDYe4cY4LQQicP4nirK1OS31I43rn062UIJ1Q9bpmHpg=="
      },
      "System.Text.RegularExpressions": {
        "type": "Direct",
        "requested": "[4.3.1, )",
        "resolved": "4.3.1",
        "contentHash": "N0kNRrWe4+nXOWlpLT4LAY5brb8caNFlUuIRpraCVMDLYutKkol1aV079rQjLuSxKMJT2SpBQsYX9xbcTMmzwg==",
        "dependencies": {
          "System.Runtime": "4.3.1"
        }
      },
      "Microsoft.NETCore.Platforms": {
        "type": "Transitive",
        "resolved": "1.1.1",
        "contentHash": "TMBuzAHpTenGbGgk0SMTwyEkyijY/Eae4ZGsFNYJvAr/LDn1ku3Etp3FPxChmDp5HHF3kzJuoaa08N0xjqAJfQ=="
      },
      "Microsoft.NETCore.Targets": {
        "type": "Transitive",
        "resolved": "1.1.3",
        "contentHash": "3Wrmi0kJDzClwAC+iBdUBpEKmEle8FQNsCs77fkiOIw/9oYA07bL1EZNX0kQ2OMN3xpwvl0vAtOCYY3ndDNlhQ=="
      },
      "System.Net.Http.Json": {
        "type": "Transitive",
        "resolved": "8.0.0",
        "contentHash": "48Bxrd6zcGeQzS4GMEDVjuqCcAw/9wcEWnIu48FQJ5IzfKPiMR1nGtz9LrvGzU4+3TLbx/9FDlGmCUeLin1Eqg==",
        "dependencies": {
          "System.Text.Json": "8.0.0"
        }
      },
      "System.Runtime": {
        "type": "Transitive",
        "resolved": "4.3.1",
        "contentHash": "abhfv1dTK6NXOmu4bgHIONxHyEqFjW8HwXPmpY9gmll+ix9UNo4XDcmzJn6oLooftxNssVHdJC1pGT9jkSynQg==",
        "dependencies": {
          "Microsoft.NETCore.Platforms": "1.1.1",
          "Microsoft.NETCore.Targets": "1.1.3"
        }
      }
    }
  }
}